{
  "name": "delighted-loader",
  "version": "0.0.2",
  "lockfileVersion": 1,
  "requires": true,
  "dependencies": {
    "@types/node": {
      "version": "16.11.61",
      "resolved": "https://registry.npmjs.org/@types/node/-/node-16.11.61.tgz",
      "integrity": "sha512-HSz3rzeislhVDZvmu65QZaEquYLQT52qcaDCMIX/SdOR8e+XgKbP7D8f8X36qEJBjlJvB1vURE4MGIi6Wnj5LA==",
      "dev": true
    },
    "typescript": {
      "version": "4.8.3",
      "resolved": "https://registry.npmjs.org/typescript/-/typescript-4.8.3.tgz",
      "integrity": "sha512-goMHfm00nWPa8UvR/CPSvykqf6dVV8x/dp0c5mFTMTIu0u0FlGWRioyy7Nn0PGAdHxpJZnuO/ut+PpQ8UiHAig==",
      "dev": true
    }
  }
}
